
Microsoft Visual Studio Solution File, Format Version 12.00
# Visual Studio 14
VisualStudioVersion = 14.0.24720.0
MinimumVisualStudioVersion = 10.0.40219.1
Project("{FAE04EC0-301F-11D3-BF4B-00C04F79EFBC}") = "FxCore", "Source\FxCore\FxCore.csproj", "{83D1B733-5047-4C49-AF07-233D6A60DA63}"
EndProject
Global
	GlobalSection(SolutionConfigurationPlatforms) = preSolution
		Debug|Any CPU = Debug|Any CPU
		Debug|AnyCPU.NET30 = Debug|AnyCPU.NET30
		Debug|AnyCPU.NET35 = Debug|AnyCPU.NET35
		Debug|AnyCPU.NET40 = Debug|AnyCPU.NET40
		Debug|AnyCPU.NET45 = Debug|AnyCPU.NET45
		Debug|AnyCPU.NET46 = Debug|AnyCPU.NET46
		Debug|x64.NET30 = Debug|x64.NET30
		Debug|x64.NET35 = Debug|x64.NET35
		Debug|x64.NET40 = Debug|x64.NET40
		Debug|x64.NET45 = Debug|x64.NET45
		Debug|x64.NET46 = Debug|x64.NET46
		Debug|x86.NET30 = Debug|x86.NET30
		Debug|x86.NET35 = Debug|x86.NET35
		Debug|x86.NET40 = Debug|x86.NET40
		Debug|x86.NET45 = Debug|x86.NET45
		Debug|x86.NET46 = Debug|x86.NET46
		Release|Any CPU = Release|Any CPU
		Release|AnyCPU.NET30 = Release|AnyCPU.NET30
		Release|AnyCPU.NET35 = Release|AnyCPU.NET35
		Release|AnyCPU.NET40 = Release|AnyCPU.NET40
		Release|AnyCPU.NET45 = Release|AnyCPU.NET45
		Release|AnyCPU.NET46 = Release|AnyCPU.NET46
		Release|x64.NET30 = Release|x64.NET30
		Release|x64.NET35 = Release|x64.NET35
		Release|x64.NET40 = Release|x64.NET40
		Release|x64.NET45 = Release|x64.NET45
		Release|x64.NET46 = Release|x64.NET46
		Release|x86.NET30 = Release|x86.NET30
		Release|x86.NET35 = Release|x86.NET35
		Release|x86.NET40 = Release|x86.NET40
		Release|x86.NET45 = Release|x86.NET45
		Release|x86.NET46 = Release|x86.NET46
	EndGlobalSection
	GlobalSection(ProjectConfigurationPlatforms) = postSolution
		{83D1B733-5047-4C49-AF07-233D6A60DA63}.Debug|Any CPU.ActiveCfg = Debug|AnyCPU.NET30
		{83D1B733-5047-4C49-AF07-233D6A60DA63}.Debug|AnyCPU.NET30.ActiveCfg = Debug|AnyCPU.NET30
		{83D1B733-5047-4C49-AF07-233D6A60DA63}.Debug|AnyCPU.NET30.Build.0 = Debug|AnyCPU.NET30
		{83D1B733-5047-4C49-AF07-233D6A60DA63}.Debug|AnyCPU.NET35.ActiveCfg = Debug|AnyCPU.NET35
		{83D1B733-5047-4C49-AF07-233D6A60DA63}.Debug|AnyCPU.NET35.Build.0 = Debug|AnyCPU.NET35
		{83D1B733-5047-4C49-AF07-233D6A60DA63}.Debug|AnyCPU.NET40.ActiveCfg = Debug|AnyCPU.NET40
		{83D1B733-5047-4C49-AF07-233D6A60DA63}.Debug|AnyCPU.NET40.Build.0 = Debug|AnyCPU.NET40
		{83D1B733-5047-4C49-AF07-233D6A60DA63}.Debug|AnyCPU.NET45.ActiveCfg = Debug|AnyCPU.NET45
		{83D1B733-5047-4C49-AF07-233D6A60DA63}.Debug|AnyCPU.NET45.Build.0 = Debug|AnyCPU.NET45
		{83D1B733-5047-4C49-AF07-233D6A60DA63}.Debug|AnyCPU.NET46.ActiveCfg = Debug|AnyCPU.NET46
		{83D1B733-5047-4C49-AF07-233D6A60DA63}.Debug|AnyCPU.NET46.Build.0 = Debug|AnyCPU.NET46
		{83D1B733-5047-4C49-AF07-233D6A60DA63}.Debug|x64.NET30.ActiveCfg = Debug|x64.NET30
		{83D1B733-5047-4C49-AF07-233D6A60DA63}.Debug|x64.NET30.Build.0 = Debug|x64.NET30
		{83D1B733-5047-4C49-AF07-233D6A60DA63}.Debug|x64.NET35.ActiveCfg = Debug|x64.NET35
		{83D1B733-5047-4C49-AF07-233D6A60DA63}.Debug|x64.NET35.Build.0 = Debug|x64.NET35
		{83D1B733-5047-4C49-AF07-233D6A60DA63}.Debug|x64.NET40.ActiveCfg = Debug|x64.NET40
		{83D1B733-5047-4C49-AF07-233D6A60DA63}.Debug|x64.NET40.Build.0 = Debug|x64.NET40
		{83D1B733-5047-4C49-AF07-233D6A60DA63}.Debug|x64.NET45.ActiveCfg = Debug|x64.NET45
		{83D1B733-5047-4C49-AF07-233D6A60DA63}.Debug|x64.NET45.Build.0 = Debug|x64.NET45
		{83D1B733-5047-4C49-AF07-233D6A60DA63}.Debug|x64.NET46.ActiveCfg = Debug|x64.NET46
		{83D1B733-5047-4C49-AF07-233D6A60DA63}.Debug|x64.NET46.Build.0 = Debug|x64.NET46
		{83D1B733-5047-4C49-AF07-233D6A60DA63}.Debug|x86.NET30.ActiveCfg = Debug|x86.NET30
		{83D1B733-5047-4C49-AF07-233D6A60DA63}.Debug|x86.NET30.Build.0 = Debug|x86.NET30
		{83D1B733-5047-4C49-AF07-233D6A60DA63}.Debug|x86.NET35.ActiveCfg = Debug|x86.NET35
		{83D1B733-5047-4C49-AF07-233D6A60DA63}.Debug|x86.NET35.Build.0 = Debug|x86.NET35
		{83D1B733-5047-4C49-AF07-233D6A60DA63}.Debug|x86.NET40.ActiveCfg = Debug|x86.NET40
		{83D1B733-5047-4C49-AF07-233D6A60DA63}.Debug|x86.NET40.Build.0 = Debug|x86.NET40
		{83D1B733-5047-4C49-AF07-233D6A60DA63}.Debug|x86.NET45.ActiveCfg = Debug|x86.NET45
		{83D1B733-5047-4C49-AF07-233D6A60DA63}.Debug|x86.NET45.Build.0 = Debug|x86.NET45
		{83D1B733-5047-4C49-AF07-233D6A60DA63}.Debug|x86.NET46.ActiveCfg = Debug|x86.NET46
		{83D1B733-5047-4C49-AF07-233D6A60DA63}.Debug|x86.NET46.Build.0 = Debug|x86.NET46
		{83D1B733-5047-4C49-AF07-233D6A60DA63}.Release|Any CPU.ActiveCfg = Release|AnyCPU.NET30
		{83D1B733-5047-4C49-AF07-233D6A60DA63}.Release|AnyCPU.NET30.ActiveCfg = Release|AnyCPU.NET30
		{83D1B733-5047-4C49-AF07-233D6A60DA63}.Release|AnyCPU.NET30.Build.0 = Release|AnyCPU.NET30
		{83D1B733-5047-4C49-AF07-233D6A60DA63}.Release|AnyCPU.NET35.ActiveCfg = Release|AnyCPU.NET35
		{83D1B733-5047-4C49-AF07-233D6A60DA63}.Release|AnyCPU.NET35.Build.0 = Release|AnyCPU.NET35
		{83D1B733-5047-4C49-AF07-233D6A60DA63}.Release|AnyCPU.NET40.ActiveCfg = Release|AnyCPU.NET40
		{83D1B733-5047-4C49-AF07-233D6A60DA63}.Release|AnyCPU.NET40.Build.0 = Release|AnyCPU.NET40
		{83D1B733-5047-4C49-AF07-233D6A60DA63}.Release|AnyCPU.NET45.ActiveCfg = Release|AnyCPU.NET45
		{83D1B733-5047-4C49-AF07-233D6A60DA63}.Release|AnyCPU.NET45.Build.0 = Release|AnyCPU.NET45
		{83D1B733-5047-4C49-AF07-233D6A60DA63}.Release|AnyCPU.NET46.ActiveCfg = Release|AnyCPU.NET46
		{83D1B733-5047-4C49-AF07-233D6A60DA63}.Release|AnyCPU.NET46.Build.0 = Release|AnyCPU.NET46
		{83D1B733-5047-4C49-AF07-233D6A60DA63}.Release|x64.NET30.ActiveCfg = Release|x64.NET30
		{83D1B733-5047-4C49-AF07-233D6A60DA63}.Release|x64.NET30.Build.0 = Release|x64.NET30
		{83D1B733-5047-4C49-AF07-233D6A60DA63}.Release|x64.NET35.ActiveCfg = Release|x64.NET35
		{83D1B733-5047-4C49-AF07-233D6A60DA63}.Release|x64.NET35.Build.0 = Release|x64.NET35
		{83D1B733-5047-4C49-AF07-233D6A60DA63}.Release|x64.NET40.ActiveCfg = Release|x64.NET40
		{83D1B733-5047-4C49-AF07-233D6A60DA63}.Release|x64.NET40.Build.0 = Release|x64.NET40
		{83D1B733-5047-4C49-AF07-233D6A60DA63}.Release|x64.NET45.ActiveCfg = Release|x64.NET45
		{83D1B733-5047-4C49-AF07-233D6A60DA63}.Release|x64.NET45.Build.0 = Release|x64.NET45
		{83D1B733-5047-4C49-AF07-233D6A60DA63}.Release|x64.NET46.ActiveCfg = Release|x64.NET46
		{83D1B733-5047-4C49-AF07-233D6A60DA63}.Release|x64.NET46.Build.0 = Release|x64.NET46
		{83D1B733-5047-4C49-AF07-233D6A60DA63}.Release|x86.NET30.ActiveCfg = Release|x86.NET30
		{83D1B733-5047-4C49-AF07-233D6A60DA63}.Release|x86.NET30.Build.0 = Release|x86.NET30
		{83D1B733-5047-4C49-AF07-233D6A60DA63}.Release|x86.NET35.ActiveCfg = Release|x86.NET35
		{83D1B733-5047-4C49-AF07-233D6A60DA63}.Release|x86.NET35.Build.0 = Release|x86.NET35
		{83D1B733-5047-4C49-AF07-233D6A60DA63}.Release|x86.NET40.ActiveCfg = Release|x86.NET40
		{83D1B733-5047-4C49-AF07-233D6A60DA63}.Release|x86.NET40.Build.0 = Release|x86.NET40
		{83D1B733-5047-4C49-AF07-233D6A60DA63}.Release|x86.NET45.ActiveCfg = Release|x86.NET45
		{83D1B733-5047-4C49-AF07-233D6A60DA63}.Release|x86.NET45.Build.0 = Release|x86.NET45
		{83D1B733-5047-4C49-AF07-233D6A60DA63}.Release|x86.NET46.ActiveCfg = Release|x86.NET46
		{83D1B733-5047-4C49-AF07-233D6A60DA63}.Release|x86.NET46.Build.0 = Release|x86.NET46
	EndGlobalSection
	GlobalSection(SolutionProperties) = preSolution
		HideSolutionNode = FALSE
	EndGlobalSection
EndGlobal
