
Microsoft Visual Studio Solution File, Format Version 12.00
# Visual Studio 14
VisualStudioVersion = 14.0.24720.0
MinimumVisualStudioVersion = 10.0.40219.1
Project("{FAE04EC0-301F-11D3-BF4B-00C04F79EFBC}") = "Core", "Source\Core\Core.csproj", "{28624CD2-BABF-4F0E-A9AF-7806591AB04F}"
EndProject
Project("{FAE04EC0-301F-11D3-BF4B-00C04F79EFBC}") = "Core.Tests", "Source\Core.Tests\Core.Tests.csproj", "{7B2BE20F-3471-4FFC-9722-551BE117CD91}"
EndProject
Global
	GlobalSection(SolutionConfigurationPlatforms) = preSolution
		Debug|Any CPU = Debug|Any CPU
		Debug|AnyCPU.NET30 = Debug|AnyCPU.NET30
		Debug|AnyCPU.NET35 = Debug|AnyCPU.NET35
		Debug|AnyCPU.NET40 = Debug|AnyCPU.NET40
		Debug|AnyCPU.NET45 = Debug|AnyCPU.NET45
		Debug|AnyCPU.NET46 = Debug|AnyCPU.NET46
		Debug|x64.NET30 = Debug|x64.NET30
		Debug|x64.NET35 = Debug|x64.NET35
		Debug|x64.NET40 = Debug|x64.NET40
		Debug|x64.NET45 = Debug|x64.NET45
		Debug|x64.NET46 = Debug|x64.NET46
		Debug|x86.NET30 = Debug|x86.NET30
		Debug|x86.NET35 = Debug|x86.NET35
		Debug|x86.NET40 = Debug|x86.NET40
		Debug|x86.NET45 = Debug|x86.NET45
		Debug|x86.NET46 = Debug|x86.NET46
		Release|Any CPU = Release|Any CPU
		Release|AnyCPU.NET30 = Release|AnyCPU.NET30
		Release|AnyCPU.NET35 = Release|AnyCPU.NET35
		Release|AnyCPU.NET40 = Release|AnyCPU.NET40
		Release|AnyCPU.NET45 = Release|AnyCPU.NET45
		Release|AnyCPU.NET46 = Release|AnyCPU.NET46
		Release|x64.NET30 = Release|x64.NET30
		Release|x64.NET35 = Release|x64.NET35
		Release|x64.NET40 = Release|x64.NET40
		Release|x64.NET45 = Release|x64.NET45
		Release|x64.NET46 = Release|x64.NET46
		Release|x86.NET30 = Release|x86.NET30
		Release|x86.NET35 = Release|x86.NET35
		Release|x86.NET40 = Release|x86.NET40
		Release|x86.NET45 = Release|x86.NET45
		Release|x86.NET46 = Release|x86.NET46
	EndGlobalSection
	GlobalSection(ProjectConfigurationPlatforms) = postSolution
		{28624CD2-BABF-4F0E-A9AF-7806591AB04F}.Debug|Any CPU.ActiveCfg = Debug|AnyCPU.NET30
		{28624CD2-BABF-4F0E-A9AF-7806591AB04F}.Debug|AnyCPU.NET30.ActiveCfg = Debug|AnyCPU.NET30
		{28624CD2-BABF-4F0E-A9AF-7806591AB04F}.Debug|AnyCPU.NET30.Build.0 = Debug|AnyCPU.NET30
		{28624CD2-BABF-4F0E-A9AF-7806591AB04F}.Debug|AnyCPU.NET35.ActiveCfg = Debug|AnyCPU.NET35
		{28624CD2-BABF-4F0E-A9AF-7806591AB04F}.Debug|AnyCPU.NET35.Build.0 = Debug|AnyCPU.NET35
		{28624CD2-BABF-4F0E-A9AF-7806591AB04F}.Debug|AnyCPU.NET40.ActiveCfg = Debug|AnyCPU.NET40
		{28624CD2-BABF-4F0E-A9AF-7806591AB04F}.Debug|AnyCPU.NET40.Build.0 = Debug|AnyCPU.NET40
		{28624CD2-BABF-4F0E-A9AF-7806591AB04F}.Debug|AnyCPU.NET45.ActiveCfg = Debug|AnyCPU.NET45
		{28624CD2-BABF-4F0E-A9AF-7806591AB04F}.Debug|AnyCPU.NET45.Build.0 = Debug|AnyCPU.NET45
		{28624CD2-BABF-4F0E-A9AF-7806591AB04F}.Debug|AnyCPU.NET46.ActiveCfg = Debug|AnyCPU.NET46
		{28624CD2-BABF-4F0E-A9AF-7806591AB04F}.Debug|AnyCPU.NET46.Build.0 = Debug|AnyCPU.NET46
		{28624CD2-BABF-4F0E-A9AF-7806591AB04F}.Debug|x64.NET30.ActiveCfg = Debug|x64.NET30
		{28624CD2-BABF-4F0E-A9AF-7806591AB04F}.Debug|x64.NET30.Build.0 = Debug|x64.NET30
		{28624CD2-BABF-4F0E-A9AF-7806591AB04F}.Debug|x64.NET35.ActiveCfg = Debug|x64.NET35
		{28624CD2-BABF-4F0E-A9AF-7806591AB04F}.Debug|x64.NET35.Build.0 = Debug|x64.NET35
		{28624CD2-BABF-4F0E-A9AF-7806591AB04F}.Debug|x64.NET40.ActiveCfg = Debug|x64.NET40
		{28624CD2-BABF-4F0E-A9AF-7806591AB04F}.Debug|x64.NET40.Build.0 = Debug|x64.NET40
		{28624CD2-BABF-4F0E-A9AF-7806591AB04F}.Debug|x64.NET45.ActiveCfg = Debug|x64.NET45
		{28624CD2-BABF-4F0E-A9AF-7806591AB04F}.Debug|x64.NET45.Build.0 = Debug|x64.NET45
		{28624CD2-BABF-4F0E-A9AF-7806591AB04F}.Debug|x64.NET46.ActiveCfg = Debug|x64.NET46
		{28624CD2-BABF-4F0E-A9AF-7806591AB04F}.Debug|x64.NET46.Build.0 = Debug|x64.NET46
		{28624CD2-BABF-4F0E-A9AF-7806591AB04F}.Debug|x86.NET30.ActiveCfg = Debug|x86.NET30
		{28624CD2-BABF-4F0E-A9AF-7806591AB04F}.Debug|x86.NET30.Build.0 = Debug|x86.NET30
		{28624CD2-BABF-4F0E-A9AF-7806591AB04F}.Debug|x86.NET35.ActiveCfg = Debug|x86.NET35
		{28624CD2-BABF-4F0E-A9AF-7806591AB04F}.Debug|x86.NET35.Build.0 = Debug|x86.NET35
		{28624CD2-BABF-4F0E-A9AF-7806591AB04F}.Debug|x86.NET40.ActiveCfg = Debug|x86.NET40
		{28624CD2-BABF-4F0E-A9AF-7806591AB04F}.Debug|x86.NET40.Build.0 = Debug|x86.NET40
		{28624CD2-BABF-4F0E-A9AF-7806591AB04F}.Debug|x86.NET45.ActiveCfg = Debug|x86.NET45
		{28624CD2-BABF-4F0E-A9AF-7806591AB04F}.Debug|x86.NET45.Build.0 = Debug|x86.NET45
		{28624CD2-BABF-4F0E-A9AF-7806591AB04F}.Debug|x86.NET46.ActiveCfg = Debug|x86.NET46
		{28624CD2-BABF-4F0E-A9AF-7806591AB04F}.Debug|x86.NET46.Build.0 = Debug|x86.NET46
		{28624CD2-BABF-4F0E-A9AF-7806591AB04F}.Release|Any CPU.ActiveCfg = Release|AnyCPU.NET30
		{28624CD2-BABF-4F0E-A9AF-7806591AB04F}.Release|AnyCPU.NET30.ActiveCfg = Release|AnyCPU.NET30
		{28624CD2-BABF-4F0E-A9AF-7806591AB04F}.Release|AnyCPU.NET30.Build.0 = Release|AnyCPU.NET30
		{28624CD2-BABF-4F0E-A9AF-7806591AB04F}.Release|AnyCPU.NET35.ActiveCfg = Release|AnyCPU.NET35
		{28624CD2-BABF-4F0E-A9AF-7806591AB04F}.Release|AnyCPU.NET35.Build.0 = Release|AnyCPU.NET35
		{28624CD2-BABF-4F0E-A9AF-7806591AB04F}.Release|AnyCPU.NET40.ActiveCfg = Release|AnyCPU.NET40
		{28624CD2-BABF-4F0E-A9AF-7806591AB04F}.Release|AnyCPU.NET40.Build.0 = Release|AnyCPU.NET40
		{28624CD2-BABF-4F0E-A9AF-7806591AB04F}.Release|AnyCPU.NET45.ActiveCfg = Release|AnyCPU.NET45
		{28624CD2-BABF-4F0E-A9AF-7806591AB04F}.Release|AnyCPU.NET45.Build.0 = Release|AnyCPU.NET45
		{28624CD2-BABF-4F0E-A9AF-7806591AB04F}.Release|AnyCPU.NET46.ActiveCfg = Release|AnyCPU.NET46
		{28624CD2-BABF-4F0E-A9AF-7806591AB04F}.Release|AnyCPU.NET46.Build.0 = Release|AnyCPU.NET46
		{28624CD2-BABF-4F0E-A9AF-7806591AB04F}.Release|x64.NET30.ActiveCfg = Release|x64.NET30
		{28624CD2-BABF-4F0E-A9AF-7806591AB04F}.Release|x64.NET30.Build.0 = Release|x64.NET30
		{28624CD2-BABF-4F0E-A9AF-7806591AB04F}.Release|x64.NET35.ActiveCfg = Release|x64.NET35
		{28624CD2-BABF-4F0E-A9AF-7806591AB04F}.Release|x64.NET35.Build.0 = Release|x64.NET35
		{28624CD2-BABF-4F0E-A9AF-7806591AB04F}.Release|x64.NET40.ActiveCfg = Release|x64.NET40
		{28624CD2-BABF-4F0E-A9AF-7806591AB04F}.Release|x64.NET40.Build.0 = Release|x64.NET40
		{28624CD2-BABF-4F0E-A9AF-7806591AB04F}.Release|x64.NET45.ActiveCfg = Release|x64.NET45
		{28624CD2-BABF-4F0E-A9AF-7806591AB04F}.Release|x64.NET45.Build.0 = Release|x64.NET45
		{28624CD2-BABF-4F0E-A9AF-7806591AB04F}.Release|x64.NET46.ActiveCfg = Release|x64.NET46
		{28624CD2-BABF-4F0E-A9AF-7806591AB04F}.Release|x64.NET46.Build.0 = Release|x64.NET46
		{28624CD2-BABF-4F0E-A9AF-7806591AB04F}.Release|x86.NET30.ActiveCfg = Release|x86.NET30
		{28624CD2-BABF-4F0E-A9AF-7806591AB04F}.Release|x86.NET30.Build.0 = Release|x86.NET30
		{28624CD2-BABF-4F0E-A9AF-7806591AB04F}.Release|x86.NET35.ActiveCfg = Release|x86.NET35
		{28624CD2-BABF-4F0E-A9AF-7806591AB04F}.Release|x86.NET35.Build.0 = Release|x86.NET35
		{28624CD2-BABF-4F0E-A9AF-7806591AB04F}.Release|x86.NET40.ActiveCfg = Release|x86.NET40
		{28624CD2-BABF-4F0E-A9AF-7806591AB04F}.Release|x86.NET40.Build.0 = Release|x86.NET40
		{28624CD2-BABF-4F0E-A9AF-7806591AB04F}.Release|x86.NET45.ActiveCfg = Release|x86.NET45
		{28624CD2-BABF-4F0E-A9AF-7806591AB04F}.Release|x86.NET45.Build.0 = Release|x86.NET45
		{28624CD2-BABF-4F0E-A9AF-7806591AB04F}.Release|x86.NET46.ActiveCfg = Release|x86.NET46
		{28624CD2-BABF-4F0E-A9AF-7806591AB04F}.Release|x86.NET46.Build.0 = Release|x86.NET46
		{7B2BE20F-3471-4FFC-9722-551BE117CD91}.Debug|Any CPU.ActiveCfg = Debug|AnyCPU.NET30
		{7B2BE20F-3471-4FFC-9722-551BE117CD91}.Debug|AnyCPU.NET30.ActiveCfg = Debug|AnyCPU.NET30
		{7B2BE20F-3471-4FFC-9722-551BE117CD91}.Debug|AnyCPU.NET30.Build.0 = Debug|AnyCPU.NET30
		{7B2BE20F-3471-4FFC-9722-551BE117CD91}.Debug|AnyCPU.NET35.ActiveCfg = Debug|AnyCPU.NET35
		{7B2BE20F-3471-4FFC-9722-551BE117CD91}.Debug|AnyCPU.NET35.Build.0 = Debug|AnyCPU.NET35
		{7B2BE20F-3471-4FFC-9722-551BE117CD91}.Debug|AnyCPU.NET40.ActiveCfg = Debug|AnyCPU.NET40
		{7B2BE20F-3471-4FFC-9722-551BE117CD91}.Debug|AnyCPU.NET40.Build.0 = Debug|AnyCPU.NET40
		{7B2BE20F-3471-4FFC-9722-551BE117CD91}.Debug|AnyCPU.NET45.ActiveCfg = Debug|AnyCPU.NET45
		{7B2BE20F-3471-4FFC-9722-551BE117CD91}.Debug|AnyCPU.NET45.Build.0 = Debug|AnyCPU.NET45
		{7B2BE20F-3471-4FFC-9722-551BE117CD91}.Debug|AnyCPU.NET46.ActiveCfg = Debug|AnyCPU.NET46
		{7B2BE20F-3471-4FFC-9722-551BE117CD91}.Debug|AnyCPU.NET46.Build.0 = Debug|AnyCPU.NET46
		{7B2BE20F-3471-4FFC-9722-551BE117CD91}.Debug|x64.NET30.ActiveCfg = Debug|x64.NET30
		{7B2BE20F-3471-4FFC-9722-551BE117CD91}.Debug|x64.NET30.Build.0 = Debug|x64.NET30
		{7B2BE20F-3471-4FFC-9722-551BE117CD91}.Debug|x64.NET35.ActiveCfg = Debug|x64.NET35
		{7B2BE20F-3471-4FFC-9722-551BE117CD91}.Debug|x64.NET35.Build.0 = Debug|x64.NET35
		{7B2BE20F-3471-4FFC-9722-551BE117CD91}.Debug|x64.NET40.ActiveCfg = Debug|x64.NET40
		{7B2BE20F-3471-4FFC-9722-551BE117CD91}.Debug|x64.NET40.Build.0 = Debug|x64.NET40
		{7B2BE20F-3471-4FFC-9722-551BE117CD91}.Debug|x64.NET45.ActiveCfg = Debug|x64.NET45
		{7B2BE20F-3471-4FFC-9722-551BE117CD91}.Debug|x64.NET45.Build.0 = Debug|x64.NET45
		{7B2BE20F-3471-4FFC-9722-551BE117CD91}.Debug|x64.NET46.ActiveCfg = Debug|x64.NET46
		{7B2BE20F-3471-4FFC-9722-551BE117CD91}.Debug|x64.NET46.Build.0 = Debug|x64.NET46
		{7B2BE20F-3471-4FFC-9722-551BE117CD91}.Debug|x86.NET30.ActiveCfg = Debug|x86.NET30
		{7B2BE20F-3471-4FFC-9722-551BE117CD91}.Debug|x86.NET30.Build.0 = Debug|x86.NET30
		{7B2BE20F-3471-4FFC-9722-551BE117CD91}.Debug|x86.NET35.ActiveCfg = Debug|x86.NET35
		{7B2BE20F-3471-4FFC-9722-551BE117CD91}.Debug|x86.NET35.Build.0 = Debug|x86.NET35
		{7B2BE20F-3471-4FFC-9722-551BE117CD91}.Debug|x86.NET40.ActiveCfg = Debug|x86.NET40
		{7B2BE20F-3471-4FFC-9722-551BE117CD91}.Debug|x86.NET40.Build.0 = Debug|x86.NET40
		{7B2BE20F-3471-4FFC-9722-551BE117CD91}.Debug|x86.NET45.ActiveCfg = Debug|x86.NET45
		{7B2BE20F-3471-4FFC-9722-551BE117CD91}.Debug|x86.NET45.Build.0 = Debug|x86.NET45
		{7B2BE20F-3471-4FFC-9722-551BE117CD91}.Debug|x86.NET46.ActiveCfg = Debug|x86.NET46
		{7B2BE20F-3471-4FFC-9722-551BE117CD91}.Debug|x86.NET46.Build.0 = Debug|x86.NET46
		{7B2BE20F-3471-4FFC-9722-551BE117CD91}.Release|Any CPU.ActiveCfg = Release|AnyCPU.NET30
		{7B2BE20F-3471-4FFC-9722-551BE117CD91}.Release|AnyCPU.NET30.ActiveCfg = Release|AnyCPU.NET30
		{7B2BE20F-3471-4FFC-9722-551BE117CD91}.Release|AnyCPU.NET30.Build.0 = Release|AnyCPU.NET30
		{7B2BE20F-3471-4FFC-9722-551BE117CD91}.Release|AnyCPU.NET35.ActiveCfg = Release|AnyCPU.NET35
		{7B2BE20F-3471-4FFC-9722-551BE117CD91}.Release|AnyCPU.NET35.Build.0 = Release|AnyCPU.NET35
		{7B2BE20F-3471-4FFC-9722-551BE117CD91}.Release|AnyCPU.NET40.ActiveCfg = Release|AnyCPU.NET40
		{7B2BE20F-3471-4FFC-9722-551BE117CD91}.Release|AnyCPU.NET40.Build.0 = Release|AnyCPU.NET40
		{7B2BE20F-3471-4FFC-9722-551BE117CD91}.Release|AnyCPU.NET45.ActiveCfg = Release|AnyCPU.NET45
		{7B2BE20F-3471-4FFC-9722-551BE117CD91}.Release|AnyCPU.NET45.Build.0 = Release|AnyCPU.NET45
		{7B2BE20F-3471-4FFC-9722-551BE117CD91}.Release|AnyCPU.NET46.ActiveCfg = Release|AnyCPU.NET46
		{7B2BE20F-3471-4FFC-9722-551BE117CD91}.Release|AnyCPU.NET46.Build.0 = Release|AnyCPU.NET46
		{7B2BE20F-3471-4FFC-9722-551BE117CD91}.Release|x64.NET30.ActiveCfg = Release|x64.NET30
		{7B2BE20F-3471-4FFC-9722-551BE117CD91}.Release|x64.NET30.Build.0 = Release|x64.NET30
		{7B2BE20F-3471-4FFC-9722-551BE117CD91}.Release|x64.NET35.ActiveCfg = Release|x64.NET35
		{7B2BE20F-3471-4FFC-9722-551BE117CD91}.Release|x64.NET35.Build.0 = Release|x64.NET35
		{7B2BE20F-3471-4FFC-9722-551BE117CD91}.Release|x64.NET40.ActiveCfg = Release|x64.NET40
		{7B2BE20F-3471-4FFC-9722-551BE117CD91}.Release|x64.NET40.Build.0 = Release|x64.NET40
		{7B2BE20F-3471-4FFC-9722-551BE117CD91}.Release|x64.NET45.ActiveCfg = Release|x64.NET45
		{7B2BE20F-3471-4FFC-9722-551BE117CD91}.Release|x64.NET45.Build.0 = Release|x64.NET45
		{7B2BE20F-3471-4FFC-9722-551BE117CD91}.Release|x64.NET46.ActiveCfg = Release|x64.NET46
		{7B2BE20F-3471-4FFC-9722-551BE117CD91}.Release|x64.NET46.Build.0 = Release|x64.NET46
		{7B2BE20F-3471-4FFC-9722-551BE117CD91}.Release|x86.NET30.ActiveCfg = Release|x86.NET30
		{7B2BE20F-3471-4FFC-9722-551BE117CD91}.Release|x86.NET30.Build.0 = Release|x86.NET30
		{7B2BE20F-3471-4FFC-9722-551BE117CD91}.Release|x86.NET35.ActiveCfg = Release|x86.NET35
		{7B2BE20F-3471-4FFC-9722-551BE117CD91}.Release|x86.NET35.Build.0 = Release|x86.NET35
		{7B2BE20F-3471-4FFC-9722-551BE117CD91}.Release|x86.NET40.ActiveCfg = Release|x86.NET40
		{7B2BE20F-3471-4FFC-9722-551BE117CD91}.Release|x86.NET40.Build.0 = Release|x86.NET40
		{7B2BE20F-3471-4FFC-9722-551BE117CD91}.Release|x86.NET45.ActiveCfg = Release|x86.NET45
		{7B2BE20F-3471-4FFC-9722-551BE117CD91}.Release|x86.NET45.Build.0 = Release|x86.NET45
		{7B2BE20F-3471-4FFC-9722-551BE117CD91}.Release|x86.NET46.ActiveCfg = Release|x86.NET46
		{7B2BE20F-3471-4FFC-9722-551BE117CD91}.Release|x86.NET46.Build.0 = Release|x86.NET46
	EndGlobalSection
	GlobalSection(SolutionProperties) = preSolution
		HideSolutionNode = FALSE
	EndGlobalSection
EndGlobal
